
Microsoft Visual Studio Solution File, Format Version 12.00
# Visual Studio Version 17
VisualStudioVersion = 17.13.36105.23
MinimumVisualStudioVersion = 10.0.40219.1
Project("{FAE04EC0-301F-11D3-BF4B-00C04F79EFBC}") = "Parkrun-View", "Parkrun-View\Parkrun-View.csproj", "{4406989A-3107-4B60-B383-4DA64FB0A81D}"
EndProject
Global
	GlobalSection(SolutionConfigurationPlatforms) = preSolution
		Debug|Any CPU = Debug|Any CPU
		Release|Any CPU = Release|Any CPU
	EndGlobalSection
	GlobalSection(ProjectConfigurationPlatforms) = postSolution
		{4406989A-3107-4B60-B383-4DA64FB0A81D}.Debug|Any CPU.ActiveCfg = Debug|Any CPU
		{4406989A-3107-4B60-B383-4DA64FB0A81D}.Debug|Any CPU.Build.0 = Debug|Any CPU
		{4406989A-3107-4B60-B383-4DA64FB0A81D}.Debug|Any CPU.Deploy.0 = Debug|Any CPU
		{4406989A-3107-4B60-B383-4DA64FB0A81D}.Release|Any CPU.ActiveCfg = Release|Any CPU
		{4406989A-3107-4B60-B383-4DA64FB0A81D}.Release|Any CPU.Build.0 = Release|Any CPU
	EndGlobalSection
	GlobalSection(SolutionProperties) = preSolution
		HideSolutionNode = FALSE
	EndGlobalSection
	GlobalSection(ExtensibilityGlobals) = postSolution
		SolutionGuid = {48632B28-B363-4A83-A9F4-EF1948A62A32}
	EndGlobalSection
EndGlobal
